
Microsoft Visual Studio Solution File, Format Version 12.00
# Visual Studio Version 17
VisualStudioVersion = 17.4.33103.184
MinimumVisualStudioVersion = 10.0.40219.1
Project("{FAE04EC0-301F-11D3-BF4B-00C04F79EFBC}") = "LinkedList2023", "LinkedList2023.csproj", "{EA17C03B-9B8D-41E6-A9D4-ACEC2C22A386}"
EndProject
Global
	GlobalSection(SolutionConfigurationPlatforms) = preSolution
		Debug|Any CPU = Debug|Any CPU
		Release|Any CPU = Release|Any CPU
	EndGlobalSection
	GlobalSection(ProjectConfigurationPlatforms) = postSolution
		{EA17C03B-9B8D-41E6-A9D4-ACEC2C22A386}.Debug|Any CPU.ActiveCfg = Debug|Any CPU
		{EA17C03B-9B8D-41E6-A9D4-ACEC2C22A386}.Debug|Any CPU.Build.0 = Debug|Any CPU
		{EA17C03B-9B8D-41E6-A9D4-ACEC2C22A386}.Release|Any CPU.ActiveCfg = Release|Any CPU
		{EA17C03B-9B8D-41E6-A9D4-ACEC2C22A386}.Release|Any CPU.Build.0 = Release|Any CPU
	EndGlobalSection
	GlobalSection(SolutionProperties) = preSolution
		HideSolutionNode = FALSE
	EndGlobalSection
	GlobalSection(ExtensibilityGlobals) = postSolution
		SolutionGuid = {13243796-62AC-48BB-8037-475313CA5091}
	EndGlobalSection
EndGlobal
